
Microsoft Visual Studio Solution File, Format Version 12.00
# Visual Studio Version 17
VisualStudioVersion = 17.7.34024.191
MinimumVisualStudioVersion = 10.0.40219.1
Project("{FAE04EC0-301F-11D3-BF4B-00C04F79EFBC}") = "listing01_03", "listing01_03\listing01_03.csproj", "{628EC4E1-EE8F-4E54-AACD-9472BCE806F0}"
EndProject
Global
	GlobalSection(SolutionConfigurationPlatforms) = preSolution
		Debug|Any CPU = Debug|Any CPU
		Release|Any CPU = Release|Any CPU
	EndGlobalSection
	GlobalSection(ProjectConfigurationPlatforms) = postSolution
		{628EC4E1-EE8F-4E54-AACD-9472BCE806F0}.Debug|Any CPU.ActiveCfg = Debug|Any CPU
		{628EC4E1-EE8F-4E54-AACD-9472BCE806F0}.Debug|Any CPU.Build.0 = Debug|Any CPU
		{628EC4E1-EE8F-4E54-AACD-9472BCE806F0}.Release|Any CPU.ActiveCfg = Release|Any CPU
		{628EC4E1-EE8F-4E54-AACD-9472BCE806F0}.Release|Any CPU.Build.0 = Release|Any CPU
	EndGlobalSection
	GlobalSection(SolutionProperties) = preSolution
		HideSolutionNode = FALSE
	EndGlobalSection
	GlobalSection(ExtensibilityGlobals) = postSolution
		SolutionGuid = {91BB7E93-D257-4957-B322-01F713C963BD}
	EndGlobalSection
EndGlobal
