
Microsoft Visual Studio Solution File, Format Version 12.00
# Visual Studio Version 17
VisualStudioVersion = 17.7.34024.191
MinimumVisualStudioVersion = 10.0.40219.1
Project("{FAE04EC0-301F-11D3-BF4B-00C04F79EFBC}") = "listing01_10", "listing01_10\listing01_10.csproj", "{1AECB660-F5C0-46A0-BE14-8A4F5672836A}"
EndProject
Global
	GlobalSection(SolutionConfigurationPlatforms) = preSolution
		Debug|Any CPU = Debug|Any CPU
		Release|Any CPU = Release|Any CPU
	EndGlobalSection
	GlobalSection(ProjectConfigurationPlatforms) = postSolution
		{1AECB660-F5C0-46A0-BE14-8A4F5672836A}.Debug|Any CPU.ActiveCfg = Debug|Any CPU
		{1AECB660-F5C0-46A0-BE14-8A4F5672836A}.Debug|Any CPU.Build.0 = Debug|Any CPU
		{1AECB660-F5C0-46A0-BE14-8A4F5672836A}.Release|Any CPU.ActiveCfg = Release|Any CPU
		{1AECB660-F5C0-46A0-BE14-8A4F5672836A}.Release|Any CPU.Build.0 = Release|Any CPU
	EndGlobalSection
	GlobalSection(SolutionProperties) = preSolution
		HideSolutionNode = FALSE
	EndGlobalSection
	GlobalSection(ExtensibilityGlobals) = postSolution
		SolutionGuid = {44550CA8-4EFB-4287-A10B-037E00A1541B}
	EndGlobalSection
EndGlobal
