
Microsoft Visual Studio Solution File, Format Version 12.00
# Visual Studio Version 17
VisualStudioVersion = 17.7.34024.191
MinimumVisualStudioVersion = 10.0.40219.1
Project("{FAE04EC0-301F-11D3-BF4B-00C04F79EFBC}") = "listing02_07", "listing02_07\listing02_07.csproj", "{A1DBA600-B147-4739-B0A9-8F63593A1463}"
EndProject
Global
	GlobalSection(SolutionConfigurationPlatforms) = preSolution
		Debug|Any CPU = Debug|Any CPU
		Release|Any CPU = Release|Any CPU
	EndGlobalSection
	GlobalSection(ProjectConfigurationPlatforms) = postSolution
		{A1DBA600-B147-4739-B0A9-8F63593A1463}.Debug|Any CPU.ActiveCfg = Debug|Any CPU
		{A1DBA600-B147-4739-B0A9-8F63593A1463}.Debug|Any CPU.Build.0 = Debug|Any CPU
		{A1DBA600-B147-4739-B0A9-8F63593A1463}.Release|Any CPU.ActiveCfg = Release|Any CPU
		{A1DBA600-B147-4739-B0A9-8F63593A1463}.Release|Any CPU.Build.0 = Release|Any CPU
	EndGlobalSection
	GlobalSection(SolutionProperties) = preSolution
		HideSolutionNode = FALSE
	EndGlobalSection
	GlobalSection(ExtensibilityGlobals) = postSolution
		SolutionGuid = {FE641F87-C598-4B4A-BBC9-EB514B2766A2}
	EndGlobalSection
EndGlobal
